
Microsoft Visual Studio Solution File, Format Version 12.00
# Visual Studio 14
VisualStudioVersion = 14.0.25420.1
MinimumVisualStudioVersion = 10.0.40219.1
Project("{FAE04EC0-301F-11D3-BF4B-00C04F79EFBC}") = "VRVSS_PCS_BusinessService", "VRVSS_PCS_BusinessService\VRVSS_PCS_BusinessService.csproj", "{BC47891E-67E2-4233-B4DB-16460A7ECF0C}"
EndProject
Project("{FAE04EC0-301F-11D3-BF4B-00C04F79EFBC}") = "VRVSS_PCS_WebMVC", "VRVSS_PCS_WebMVC\VRVSS_PCS_WebMVC.csproj", "{014BD416-70B1-41FA-9068-20EAD0491B57}"
	ProjectSection(ProjectDependencies) = postProject
		{BC47891E-67E2-4233-B4DB-16460A7ECF0C} = {BC47891E-67E2-4233-B4DB-16460A7ECF0C}
	EndProjectSection
EndProject
Global
	GlobalSection(SolutionConfigurationPlatforms) = preSolution
		Debug|Any CPU = Debug|Any CPU
		Release|Any CPU = Release|Any CPU
	EndGlobalSection
	GlobalSection(ProjectConfigurationPlatforms) = postSolution
		{BC47891E-67E2-4233-B4DB-16460A7ECF0C}.Debug|Any CPU.ActiveCfg = Debug|Any CPU
		{BC47891E-67E2-4233-B4DB-16460A7ECF0C}.Debug|Any CPU.Build.0 = Debug|Any CPU
		{BC47891E-67E2-4233-B4DB-16460A7ECF0C}.Release|Any CPU.ActiveCfg = Release|Any CPU
		{BC47891E-67E2-4233-B4DB-16460A7ECF0C}.Release|Any CPU.Build.0 = Release|Any CPU
		{014BD416-70B1-41FA-9068-20EAD0491B57}.Debug|Any CPU.ActiveCfg = Debug|Any CPU
		{014BD416-70B1-41FA-9068-20EAD0491B57}.Debug|Any CPU.Build.0 = Debug|Any CPU
		{014BD416-70B1-41FA-9068-20EAD0491B57}.Release|Any CPU.ActiveCfg = Release|Any CPU
		{014BD416-70B1-41FA-9068-20EAD0491B57}.Release|Any CPU.Build.0 = Release|Any CPU
	EndGlobalSection
	GlobalSection(SolutionProperties) = preSolution
		HideSolutionNode = FALSE
	EndGlobalSection
EndGlobal
